
Microsoft Visual Studio Solution File, Format Version 12.00
# Visual Studio Version 17
VisualStudioVersion = 17.10.34916.146
MinimumVisualStudioVersion = 10.0.40219.1
Project("{FAE04EC0-301F-11D3-BF4B-00C04F79EFBC}") = "LiveSplit.SplitPrediction", "LiveSplit.SplitPrediction.csproj", "{20A0572A-0024-4B6C-8AC7-265FE384B4A6}"
EndProject
Project("{9A19103F-16F7-4668-BE54-9A1E7A4F7556}") = "LiveSplit.Core", "..\..\..\Documents\GitHub\LiveSplit\src\LiveSplit.Core\LiveSplit.Core.csproj", "{B72E5263-9DF7-4927-B220-87594D0B202E}"
EndProject
Project("{9A19103F-16F7-4668-BE54-9A1E7A4F7556}") = "UpdateManager", "..\..\..\Documents\GitHub\LiveSplit\src\UpdateManager\UpdateManager.csproj", "{42C9C45E-6C90-4395-8860-1C0492794AD2}"
EndProject
Global
	GlobalSection(SolutionConfigurationPlatforms) = preSolution
		Debug|Any CPU = Debug|Any CPU
		Release|Any CPU = Release|Any CPU
		UpdateManagerExe|Any CPU = UpdateManagerExe|Any CPU
	EndGlobalSection
	GlobalSection(ProjectConfigurationPlatforms) = postSolution
		{20A0572A-0024-4B6C-8AC7-265FE384B4A6}.Debug|Any CPU.ActiveCfg = Debug|Any CPU
		{20A0572A-0024-4B6C-8AC7-265FE384B4A6}.Debug|Any CPU.Build.0 = Debug|Any CPU
		{20A0572A-0024-4B6C-8AC7-265FE384B4A6}.Release|Any CPU.ActiveCfg = Release|Any CPU
		{20A0572A-0024-4B6C-8AC7-265FE384B4A6}.Release|Any CPU.Build.0 = Release|Any CPU
		{20A0572A-0024-4B6C-8AC7-265FE384B4A6}.UpdateManagerExe|Any CPU.ActiveCfg = Release|Any CPU
		{20A0572A-0024-4B6C-8AC7-265FE384B4A6}.UpdateManagerExe|Any CPU.Build.0 = Release|Any CPU
		{B72E5263-9DF7-4927-B220-87594D0B202E}.Debug|Any CPU.ActiveCfg = Debug|Any CPU
		{B72E5263-9DF7-4927-B220-87594D0B202E}.Debug|Any CPU.Build.0 = Debug|Any CPU
		{B72E5263-9DF7-4927-B220-87594D0B202E}.Release|Any CPU.ActiveCfg = Release|Any CPU
		{B72E5263-9DF7-4927-B220-87594D0B202E}.Release|Any CPU.Build.0 = Release|Any CPU
		{B72E5263-9DF7-4927-B220-87594D0B202E}.UpdateManagerExe|Any CPU.ActiveCfg = Debug|Any CPU
		{B72E5263-9DF7-4927-B220-87594D0B202E}.UpdateManagerExe|Any CPU.Build.0 = Debug|Any CPU
		{42C9C45E-6C90-4395-8860-1C0492794AD2}.Debug|Any CPU.ActiveCfg = Debug|Any CPU
		{42C9C45E-6C90-4395-8860-1C0492794AD2}.Debug|Any CPU.Build.0 = Debug|Any CPU
		{42C9C45E-6C90-4395-8860-1C0492794AD2}.Release|Any CPU.ActiveCfg = Release|Any CPU
		{42C9C45E-6C90-4395-8860-1C0492794AD2}.Release|Any CPU.Build.0 = Release|Any CPU
		{42C9C45E-6C90-4395-8860-1C0492794AD2}.UpdateManagerExe|Any CPU.ActiveCfg = UpdateManagerExe|Any CPU
		{42C9C45E-6C90-4395-8860-1C0492794AD2}.UpdateManagerExe|Any CPU.Build.0 = UpdateManagerExe|Any CPU
	EndGlobalSection
	GlobalSection(SolutionProperties) = preSolution
		HideSolutionNode = FALSE
	EndGlobalSection
	GlobalSection(ExtensibilityGlobals) = postSolution
		SolutionGuid = {69C723A8-23CE-43DB-B057-7877CEA4C10D}
	EndGlobalSection
EndGlobal
